schema: '2.0'
stages:
  data_ingestion:
    cmd: python src/data/data_ingestion.py
    deps:
    - path: src/data/data_ingestion.py
      hash: md5
      md5: 08e5b1c6bfb06e4bc28e2b932a5f10c3
      size: 3391
    params:
      params.yaml:
        data_ingestion.test_size: 0.25
    outs:
    - path: data/raw
      hash: md5
      md5: b8c1d90908bfd9c1adadb6e9ab5270e2.dir
      size: 665008
      nfiles: 2
  data_preprocessing:
    cmd: python src/data/data_preprocessing.py
    deps:
    - path: data/raw
      hash: md5
      md5: b8c1d90908bfd9c1adadb6e9ab5270e2.dir
      size: 665008
      nfiles: 2
    - path: src/data/data_preprocessing.py
      hash: md5
      md5: a0d0986f1695b3e851d0f37dad4451b8
      size: 2909
    outs:
    - path: data/interim
      hash: md5
      md5: a9e19aa453948fd1530272f51a0ecbcd.dir
      size: 412081
      nfiles: 2
  feature_engineering:
    cmd: python src/features/feature_engineering.py
    deps:
    - path: data/interim
      hash: md5
      md5: a9e19aa453948fd1530272f51a0ecbcd.dir
      size: 412081
      nfiles: 2
    - path: src/features/feature_engineering.py
      hash: md5
      md5: cfaf71fa8bd1fae8af5abc3cbbe3387b
      size: 3447
    params:
      params.yaml:
        feature_engineering.max_features: 60
    outs:
    - path: data/processed
      hash: md5
      md5: 4941bc81f8b6f94e3531dd9dc4b79d1e.dir
      size: 61957
      nfiles: 2
    - path: models/vectorizer.pkl
      hash: md5
      md5: 15398aa55d59ae5a29546a4b8b15a4b1
      size: 1883
  model_building:
    cmd: python src/model/model_building.py
    deps:
    - path: data/processed
      hash: md5
      md5: 4941bc81f8b6f94e3531dd9dc4b79d1e.dir
      size: 61957
      nfiles: 2
    - path: src/model/model_building.py
      hash: md5
      md5: 5262c77711462ba3ee484a3828aa413f
      size: 1859
    outs:
    - path: models/model.pkl
      hash: md5
      md5: f4f84ab144efe55572d95a2806579c03
      size: 1194
  model_evaluation:
    cmd: python src/model/model_evaluation.py
    deps:
    - path: models/model.pkl
      hash: md5
      md5: f4f84ab144efe55572d95a2806579c03
      size: 1194
    - path: src/model/model_evaluation.py
      hash: md5
      md5: e6c521238b5f06d0edc21726cff8561b
      size: 5554
    outs:
    - path: reports/experiment_info.json
      hash: md5
      md5: bb6da3823470384c3caaa351335728c3
      size: 82
    - path: reports/metrics.json
      hash: md5
      md5: 7c1499bcdcfdfe19003074dab38aa3af
      size: 105
  model_registration:
    cmd: python src/model/register_model.py
    deps:
    - path: reports/experiment_info.json
      hash: md5
      md5: bb6da3823470384c3caaa351335728c3
      size: 82
    - path: src/model/register_model.py
      hash: md5
      md5: 3e8fbb86407550732813047c03447bb2
      size: 3134
